// !$*UTF8*$!
{
	archiveVersion = 1;
	classes = {
	};
	objectVersion = 46;
	objects = {

/* Begin PBXBuildFile section */
		890DD8EF1B1C29AD0000349C /* UserModel.m in Sources */ = {isa = PBXBuildFile; fileRef = 890DD8EE1B1C29AD0000349C /* UserModel.m */; };
		890DD9031B1C2B120000349C /* MJConst.m in Sources */ = {isa = PBXBuildFile; fileRef = 890DD8F31B1C2B120000349C /* MJConst.m */; };
		890DD9041B1C2B120000349C /* MJFoundation.m in Sources */ = {isa = PBXBuildFile; fileRef = 890DD8F61B1C2B120000349C /* MJFoundation.m */; };
		890DD9051B1C2B120000349C /* MJProperty.m in Sources */ = {isa = PBXBuildFile; fileRef = 890DD8F81B1C2B120000349C /* MJProperty.m */; };
		890DD9061B1C2B120000349C /* MJType.m in Sources */ = {isa = PBXBuildFile; fileRef = 890DD8FA1B1C2B120000349C /* MJType.m */; };
		890DD9071B1C2B120000349C /* NSObject+MJCoding.m in Sources */ = {isa = PBXBuildFile; fileRef = 890DD8FC1B1C2B120000349C /* NSObject+MJCoding.m */; };
		890DD9081B1C2B120000349C /* NSObject+MJKeyValue.m in Sources */ = {isa = PBXBuildFile; fileRef = 890DD8FE1B1C2B120000349C /* NSObject+MJKeyValue.m */; };
		890DD9091B1C2B120000349C /* NSObject+MJProperty.m in Sources */ = {isa = PBXBuildFile; fileRef = 890DD9001B1C2B120000349C /* NSObject+MJProperty.m */; };
		890DD90A1B1C2B120000349C /* NSString+MJExtension.m in Sources */ = {isa = PBXBuildFile; fileRef = 890DD9021B1C2B120000349C /* NSString+MJExtension.m */; };
		895796B31AE1098E00E8B04A /* NSString+ArcFile.m in Sources */ = {isa = PBXBuildFile; fileRef = 895796B21AE1098E00E8B04A /* NSString+ArcFile.m */; };
		8963E72E1B33F09D0005ACC9 /* FBShimmeringLayer.m in Sources */ = {isa = PBXBuildFile; fileRef = 8963E72B1B33F09D0005ACC9 /* FBShimmeringLayer.m */; };
		8963E72F1B33F09D0005ACC9 /* FBShimmeringView.m in Sources */ = {isa = PBXBuildFile; fileRef = 8963E72D1B33F09D0005ACC9 /* FBShimmeringView.m */; };
		8963E7311B33F1F80005ACC9 /* show.gif in Resources */ = {isa = PBXBuildFile; fileRef = 8963E7301B33F1F80005ACC9 /* show.gif */; };
		EE5A8A8C1AA9A513000BA4AE /* main.m in Sources */ = {isa = PBXBuildFile; fileRef = EE5A8A8B1AA9A513000BA4AE /* main.m */; };
		EE5A8A8F1AA9A513000BA4AE /* AppDelegate.m in Sources */ = {isa = PBXBuildFile; fileRef = EE5A8A8E1AA9A513000BA4AE /* AppDelegate.m */; };
		EE5A8A921AA9A513000BA4AE /* ViewController.m in Sources */ = {isa = PBXBuildFile; fileRef = EE5A8A911AA9A513000BA4AE /* ViewController.m */; };
		EE5A8A951AA9A513000BA4AE /* Main.storyboard in Resources */ = {isa = PBXBuildFile; fileRef = EE5A8A931AA9A513000BA4AE /* Main.storyboard */; };
		EE5A8A971AA9A513000BA4AE /* Images.xcassets in Resources */ = {isa = PBXBuildFile; fileRef = EE5A8A961AA9A513000BA4AE /* Images.xcassets */; };
		EE5A8A9A1AA9A513000BA4AE /* LaunchScreen.xib in Resources */ = {isa = PBXBuildFile; fileRef = EE5A8A981AA9A513000BA4AE /* LaunchScreen.xib */; };
		EE5A8AA61AA9A513000BA4AE /* CoreArchiveTests.m in Sources */ = {isa = PBXBuildFile; fileRef = EE5A8AA51AA9A513000BA4AE /* CoreArchiveTests.m */; };
		EE5A8AB21AA9A550000BA4AE /* CoreArchive.m in Sources */ = {isa = PBXBuildFile; fileRef = EE5A8AB11AA9A550000BA4AE /* CoreArchive.m */; };
/* End PBXBuildFile section */

/* Begin PBXContainerItemProxy section */
		EE5A8AA01AA9A513000BA4AE /* PBXContainerItemProxy */ = {
			isa = PBXContainerItemProxy;
			containerPortal = EE5A8A7E1AA9A513000BA4AE /* Project object */;
			proxyType = 1;
			remoteGlobalIDString = EE5A8A851AA9A513000BA4AE;
			remoteInfo = CoreArchive;
		};
/* End PBXContainerItemProxy section */

/* Begin PBXFileReference section */
		890DD8ED1B1C29AD0000349C /* UserModel.h */ = {isa = PBXFileReference; fileEncoding = 4; lastKnownFileType = sourcecode.c.h; path = UserModel.h; sourceTree = "<group>"; };
		890DD8EE1B1C29AD0000349C /* UserModel.m */ = {isa = PBXFileReference; fileEncoding = 4; lastKnownFileType = sourcecode.c.objc; path = UserModel.m; sourceTree = "<group>"; };
		890DD8F21B1C2B120000349C /* MJConst.h */ = {isa = PBXFileReference; fileEncoding = 4; lastKnownFileType = sourcecode.c.h; path = MJConst.h; sourceTree = "<group>"; };
		890DD8F31B1C2B120000349C /* MJConst.m */ = {isa = PBXFileReference; fileEncoding = 4; lastKnownFileType = sourcecode.c.objc; path = MJConst.m; sourceTree = "<group>"; };
		890DD8F41B1C2B120000349C /* MJExtension.h */ = {isa = PBXFileReference; fileEncoding = 4; lastKnownFileType = sourcecode.c.h; path = MJExtension.h; sourceTree = "<group>"; };
		890DD8F51B1C2B120000349C /* MJFoundation.h */ = {isa = PBXFileReference; fileEncoding = 4; lastKnownFileType = sourcecode.c.h; path = MJFoundation.h; sourceTree = "<group>"; };
		890DD8F61B1C2B120000349C /* MJFoundation.m */ = {isa = PBXFileReference; fileEncoding = 4; lastKnownFileType = sourcecode.c.objc; path = MJFoundation.m; sourceTree = "<group>"; };
		890DD8F71B1C2B120000349C /* MJProperty.h */ = {isa = PBXFileReference; fileEncoding = 4; lastKnownFileType = sourcecode.c.h; path = MJProperty.h; sourceTree = "<group>"; };
		890DD8F81B1C2B120000349C /* MJProperty.m */ = {isa = PBXFileReference; fileEncoding = 4; lastKnownFileType = sourcecode.c.objc; path = MJProperty.m; sourceTree = "<group>"; };
		890DD8F91B1C2B120000349C /* MJType.h */ = {isa = PBXFileReference; fileEncoding = 4; lastKnownFileType = sourcecode.c.h; path = MJType.h; sourceTree = "<group>"; };
		890DD8FA1B1C2B120000349C /* MJType.m */ = {isa = PBXFileReference; fileEncoding = 4; lastKnownFileType = sourcecode.c.objc; path = MJType.m; sourceTree = "<group>"; };
		890DD8FB1B1C2B120000349C /* NSObject+MJCoding.h */ = {isa = PBXFileReference; fileEncoding = 4; lastKnownFileType = sourcecode.c.h; path = "NSObject+MJCoding.h"; sourceTree = "<group>"; };
		890DD8FC1B1C2B120000349C /* NSObject+MJCoding.m */ = {isa = PBXFileReference; fileEncoding = 4; lastKnownFileType = sourcecode.c.objc; path = "NSObject+MJCoding.m"; sourceTree = "<group>"; };
		890DD8FD1B1C2B120000349C /* NSObject+MJKeyValue.h */ = {isa = PBXFileReference; fileEncoding = 4; lastKnownFileType = sourcecode.c.h; path = "NSObject+MJKeyValue.h"; sourceTree = "<group>"; };
		890DD8FE1B1C2B120000349C /* NSObject+MJKeyValue.m */ = {isa = PBXFileReference; fileEncoding = 4; lastKnownFileType = sourcecode.c.objc; path = "NSObject+MJKeyValue.m"; sourceTree = "<group>"; };
		890DD8FF1B1C2B120000349C /* NSObject+MJProperty.h */ = {isa = PBXFileReference; fileEncoding = 4; lastKnownFileType = sourcecode.c.h; path = "NSObject+MJProperty.h"; sourceTree = "<group>"; };
		890DD9001B1C2B120000349C /* NSObject+MJProperty.m */ = {isa = PBXFileReference; fileEncoding = 4; lastKnownFileType = sourcecode.c.objc; path = "NSObject+MJProperty.m"; sourceTree = "<group>"; };
		890DD9011B1C2B120000349C /* NSString+MJExtension.h */ = {isa = PBXFileReference; fileEncoding = 4; lastKnownFileType = sourcecode.c.h; path = "NSString+MJExtension.h"; sourceTree = "<group>"; };
		890DD9021B1C2B120000349C /* NSString+MJExtension.m */ = {isa = PBXFileReference; fileEncoding = 4; lastKnownFileType = sourcecode.c.objc; path = "NSString+MJExtension.m"; sourceTree = "<group>"; };
		895796B11AE1098E00E8B04A /* NSString+ArcFile.h */ = {isa = PBXFileReference; fileEncoding = 4; lastKnownFileType = sourcecode.c.h; path = "NSString+ArcFile.h"; sourceTree = "<group>"; };
		895796B21AE1098E00E8B04A /* NSString+ArcFile.m */ = {isa = PBXFileReference; fileEncoding = 4; lastKnownFileType = sourcecode.c.objc; path = "NSString+ArcFile.m"; sourceTree = "<group>"; };
		8963E7281B33F09D0005ACC9 /* FBShimmering-Prefix.pch */ = {isa = PBXFileReference; fileEncoding = 4; lastKnownFileType = sourcecode.c.h; path = "FBShimmering-Prefix.pch"; sourceTree = "<group>"; };
		8963E7291B33F09D0005ACC9 /* FBShimmering.h */ = {isa = PBXFileReference; fileEncoding = 4; lastKnownFileType = sourcecode.c.h; path = FBShimmering.h; sourceTree = "<group>"; };
		8963E72A1B33F09D0005ACC9 /* FBShimmeringLayer.h */ = {isa = PBXFileReference; fileEncoding = 4; lastKnownFileType = sourcecode.c.h; path = FBShimmeringLayer.h; sourceTree = "<group>"; };
		8963E72B1B33F09D0005ACC9 /* FBShimmeringLayer.m */ = {isa = PBXFileReference; fileEncoding = 4; lastKnownFileType = sourcecode.c.objc; path = FBShimmeringLayer.m; sourceTree = "<group>"; };
		8963E72C1B33F09D0005ACC9 /* FBShimmeringView.h */ = {isa = PBXFileReference; fileEncoding = 4; lastKnownFileType = sourcecode.c.h; path = FBShimmeringView.h; sourceTree = "<group>"; };
		8963E72D1B33F09D0005ACC9 /* FBShimmeringView.m */ = {isa = PBXFileReference; fileEncoding = 4; lastKnownFileType = sourcecode.c.objc; path = FBShimmeringView.m; sourceTree = "<group>"; };
		8963E7301B33F1F80005ACC9 /* show.gif */ = {isa = PBXFileReference; lastKnownFileType = image.gif; path = show.gif; sourceTree = "<group>"; };
		EE5A8A861AA9A513000BA4AE /* CoreArchive.app */ = {isa = PBXFileReference; explicitFileType = wrapper.application; includeInIndex = 0; path = CoreArchive.app; sourceTree = BUILT_PRODUCTS_DIR; };
		EE5A8A8A1AA9A513000BA4AE /* Info.plist */ = {isa = PBXFileReference; lastKnownFileType = text.plist.xml; path = Info.plist; sourceTree = "<group>"; };
		EE5A8A8B1AA9A513000BA4AE /* main.m */ = {isa = PBXFileReference; lastKnownFileType = sourcecode.c.objc; path = main.m; sourceTree = "<group>"; };
		EE5A8A8D1AA9A513000BA4AE /* AppDelegate.h */ = {isa = PBXFileReference; lastKnownFileType = sourcecode.c.h; path = AppDelegate.h; sourceTree = "<group>"; };
		EE5A8A8E1AA9A513000BA4AE /* AppDelegate.m */ = {isa = PBXFileReference; lastKnownFileType = sourcecode.c.objc; path = AppDelegate.m; sourceTree = "<group>"; };
		EE5A8A901AA9A513000BA4AE /* ViewController.h */ = {isa = PBXFileReference; lastKnownFileType = sourcecode.c.h; path = ViewController.h; sourceTree = "<group>"; };
		EE5A8A911AA9A513000BA4AE /* ViewController.m */ = {isa = PBXFileReference; lastKnownFileType = sourcecode.c.objc; path = ViewController.m; sourceTree = "<group>"; };
		EE5A8A941AA9A513000BA4AE /* Base */ = {isa = PBXFileReference; lastKnownFileType = file.storyboard; name = Base; path = Base.lproj/Main.storyboard; sourceTree = "<group>"; };
		EE5A8A961AA9A513000BA4AE /* Images.xcassets */ = {isa = PBXFileReference; lastKnownFileType = folder.assetcatalog; path = Images.xcassets; sourceTree = "<group>"; };
		EE5A8A991AA9A513000BA4AE /* Base */ = {isa = PBXFileReference; lastKnownFileType = file.xib; name = Base; path = Base.lproj/LaunchScreen.xib; sourceTree = "<group>"; };
		EE5A8A9F1AA9A513000BA4AE /* CoreArchiveTests.xctest */ = {isa = PBXFileReference; explicitFileType = wrapper.cfbundle; includeInIndex = 0; path = CoreArchiveTests.xctest; sourceTree = BUILT_PRODUCTS_DIR; };
		EE5A8AA41AA9A513000BA4AE /* Info.plist */ = {isa = PBXFileReference; lastKnownFileType = text.plist.xml; path = Info.plist; sourceTree = "<group>"; };
		EE5A8AA51AA9A513000BA4AE /* CoreArchiveTests.m */ = {isa = PBXFileReference; lastKnownFileType = sourcecode.c.objc; path = CoreArchiveTests.m; sourceTree = "<group>"; };
		EE5A8AB01AA9A550000BA4AE /* CoreArchive.h */ = {isa = PBXFileReference; fileEncoding = 4; lastKnownFileType = sourcecode.c.h; path = CoreArchive.h; sourceTree = "<group>"; };
		EE5A8AB11AA9A550000BA4AE /* CoreArchive.m */ = {isa = PBXFileReference; fileEncoding = 4; lastKnownFileType = sourcecode.c.objc; path = CoreArchive.m; sourceTree = "<group>"; };
/* End PBXFileReference section */

/* Begin PBXFrameworksBuildPhase section */
		EE5A8A831AA9A513000BA4AE /* Frameworks */ = {
			isa = PBXFrameworksBuildPhase;
			buildActionMask = 2147483647;
			files = (
			);
			runOnlyForDeploymentPostprocessing = 0;
		};
		EE5A8A9C1AA9A513000BA4AE /* Frameworks */ = {
			isa = PBXFrameworksBuildPhase;
			buildActionMask = 2147483647;
			files = (
			);
			runOnlyForDeploymentPostprocessing = 0;
		};
/* End PBXFrameworksBuildPhase section */

/* Begin PBXGroup section */
		890DD8EC1B1C29950000349C /* User */ = {
			isa = PBXGroup;
			children = (
				890DD8ED1B1C29AD0000349C /* UserModel.h */,
				890DD8EE1B1C29AD0000349C /* UserModel.m */,
			);
			name = User;
			sourceTree = "<group>";
		};
		890DD8F01B1C2AB30000349C /* FrameWorks */ = {
			isa = PBXGroup;
			children = (
				8963E7271B33F09D0005ACC9 /* FBShimmering */,
				890DD8F11B1C2B120000349C /* MJExtension */,
			);
			path = FrameWorks;
			sourceTree = "<group>";
		};
		890DD8F11B1C2B120000349C /* MJExtension */ = {
			isa = PBXGroup;
			children = (
				890DD8F21B1C2B120000349C /* MJConst.h */,
				890DD8F31B1C2B120000349C /* MJConst.m */,
				890DD8F41B1C2B120000349C /* MJExtension.h */,
				890DD8F51B1C2B120000349C /* MJFoundation.h */,
				890DD8F61B1C2B120000349C /* MJFoundation.m */,
				890DD8F71B1C2B120000349C /* MJProperty.h */,
				890DD8F81B1C2B120000349C /* MJProperty.m */,
				890DD8F91B1C2B120000349C /* MJType.h */,
				890DD8FA1B1C2B120000349C /* MJType.m */,
				890DD8FB1B1C2B120000349C /* NSObject+MJCoding.h */,
				890DD8FC1B1C2B120000349C /* NSObject+MJCoding.m */,
				890DD8FD1B1C2B120000349C /* NSObject+MJKeyValue.h */,
				890DD8FE1B1C2B120000349C /* NSObject+MJKeyValue.m */,
				890DD8FF1B1C2B120000349C /* NSObject+MJProperty.h */,
				890DD9001B1C2B120000349C /* NSObject+MJProperty.m */,
				890DD9011B1C2B120000349C /* NSString+MJExtension.h */,
				890DD9021B1C2B120000349C /* NSString+MJExtension.m */,
			);
			path = MJExtension;
			sourceTree = "<group>";
		};
		895796B01AE1098600E8B04A /* Category */ = {
			isa = PBXGroup;
			children = (
				895796B11AE1098E00E8B04A /* NSString+ArcFile.h */,
				895796B21AE1098E00E8B04A /* NSString+ArcFile.m */,
			);
			path = Category;
			sourceTree = "<group>";
		};
		8963E7271B33F09D0005ACC9 /* FBShimmering */ = {
			isa = PBXGroup;
			children = (
				8963E7281B33F09D0005ACC9 /* FBShimmering-Prefix.pch */,
				8963E7291B33F09D0005ACC9 /* FBShimmering.h */,
				8963E72A1B33F09D0005ACC9 /* FBShimmeringLayer.h */,
				8963E72B1B33F09D0005ACC9 /* FBShimmeringLayer.m */,
				8963E72C1B33F09D0005ACC9 /* FBShimmeringView.h */,
				8963E72D1B33F09D0005ACC9 /* FBShimmeringView.m */,
			);
			path = FBShimmering;
			sourceTree = "<group>";
		};
		EE5A8A7D1AA9A513000BA4AE = {
			isa = PBXGroup;
			children = (
				EE5A8A881AA9A513000BA4AE /* CoreArchive */,
				EE5A8AA21AA9A513000BA4AE /* CoreArchiveTests */,
				EE5A8A871AA9A513000BA4AE /* Products */,
			);
			sourceTree = "<group>";
		};
		EE5A8A871AA9A513000BA4AE /* Products */ = {
			isa = PBXGroup;
			children = (
				EE5A8A861AA9A513000BA4AE /* CoreArchive.app */,
				EE5A8A9F1AA9A513000BA4AE /* CoreArchiveTests.xctest */,
			);
			name = Products;
			sourceTree = "<group>";
		};
		EE5A8A881AA9A513000BA4AE /* CoreArchive */ = {
			isa = PBXGroup;
			children = (
				EE5A8AAF1AA9A550000BA4AE /* CoreArchive */,
				890DD8F01B1C2AB30000349C /* FrameWorks */,
				890DD8EC1B1C29950000349C /* User */,
				EE5A8A8D1AA9A513000BA4AE /* AppDelegate.h */,
				EE5A8A8E1AA9A513000BA4AE /* AppDelegate.m */,
				EE5A8A901AA9A513000BA4AE /* ViewController.h */,
				EE5A8A911AA9A513000BA4AE /* ViewController.m */,
				EE5A8A931AA9A513000BA4AE /* Main.storyboard */,
				EE5A8A961AA9A513000BA4AE /* Images.xcassets */,
				EE5A8A981AA9A513000BA4AE /* LaunchScreen.xib */,
				EE5A8A891AA9A513000BA4AE /* Supporting Files */,
			);
			path = CoreArchive;
			sourceTree = "<group>";
		};
		EE5A8A891AA9A513000BA4AE /* Supporting Files */ = {
			isa = PBXGroup;
			children = (
				8963E7301B33F1F80005ACC9 /* show.gif */,
				EE5A8A8A1AA9A513000BA4AE /* Info.plist */,
				EE5A8A8B1AA9A513000BA4AE /* main.m */,
			);
			name = "Supporting Files";
			sourceTree = "<group>";
		};
		EE5A8AA21AA9A513000BA4AE /* CoreArchiveTests */ = {
			isa = PBXGroup;
			children = (
				EE5A8AA51AA9A513000BA4AE /* CoreArchiveTests.m */,
				EE5A8AA31AA9A513000BA4AE /* Supporting Files */,
			);
			path = CoreArchiveTests;
			sourceTree = "<group>";
		};
		EE5A8AA31AA9A513000BA4AE /* Supporting Files */ = {
			isa = PBXGroup;
			children = (
				EE5A8AA41AA9A513000BA4AE /* Info.plist */,
			);
			name = "Supporting Files";
			sourceTree = "<group>";
		};
		EE5A8AAF1AA9A550000BA4AE /* CoreArchive */ = {
			isa = PBXGroup;
			children = (
				895796B01AE1098600E8B04A /* Category */,
				EE5A8AB01AA9A550000BA4AE /* CoreArchive.h */,
				EE5A8AB11AA9A550000BA4AE /* CoreArchive.m */,
			);
			path = CoreArchive;
			sourceTree = "<group>";
		};
/* End PBXGroup section */

/* Begin PBXNativeTarget section */
		EE5A8A851AA9A513000BA4AE /* CoreArchive */ = {
			isa = PBXNativeTarget;
			buildConfigurationList = EE5A8AA91AA9A513000BA4AE /* Build configuration list for PBXNativeTarget "CoreArchive" */;
			buildPhases = (
				EE5A8A821AA9A513000BA4AE /* Sources */,
				EE5A8A831AA9A513000BA4AE /* Frameworks */,
				EE5A8A841AA9A513000BA4AE /* Resources */,
			);
			buildRules = (
			);
			dependencies = (
			);
			name = CoreArchive;
			productName = CoreArchive;
			productReference = EE5A8A861AA9A513000BA4AE /* CoreArchive.app */;
			productType = "com.apple.product-type.application";
		};
		EE5A8A9E1AA9A513000BA4AE /* CoreArchiveTests */ = {
			isa = PBXNativeTarget;
			buildConfigurationList = EE5A8AAC1AA9A513000BA4AE /* Build configuration list for PBXNativeTarget "CoreArchiveTests" */;
			buildPhases = (
				EE5A8A9B1AA9A513000BA4AE /* Sources */,
				EE5A8A9C1AA9A513000BA4AE /* Frameworks */,
				EE5A8A9D1AA9A513000BA4AE /* Resources */,
			);
			buildRules = (
			);
			dependencies = (
				EE5A8AA11AA9A513000BA4AE /* PBXTargetDependency */,
			);
			name = CoreArchiveTests;
			productName = CoreArchiveTests;
			productReference = EE5A8A9F1AA9A513000BA4AE /* CoreArchiveTests.xctest */;
			productType = "com.apple.product-type.bundle.unit-test";
		};
/* End PBXNativeTarget section */

/* Begin PBXProject section */
		EE5A8A7E1AA9A513000BA4AE /* Project object */ = {
			isa = PBXProject;
			attributes = {
				LastUpgradeCheck = 0610;
				ORGANIZATIONNAME = muxi;
				TargetAttributes = {
					EE5A8A851AA9A513000BA4AE = {
						CreatedOnToolsVersion = 6.1.1;
					};
					EE5A8A9E1AA9A513000BA4AE = {
						CreatedOnToolsVersion = 6.1.1;
						TestTargetID = EE5A8A851AA9A513000BA4AE;
					};
				};
			};
			buildConfigurationList = EE5A8A811AA9A513000BA4AE /* Build configuration list for PBXProject "CoreArchive" */;
			compatibilityVersion = "Xcode 3.2";
			developmentRegion = English;
			hasScannedForEncodings = 0;
			knownRegions = (
				en,
				Base,
			);
			mainGroup = EE5A8A7D1AA9A513000BA4AE;
			productRefGroup = EE5A8A871AA9A513000BA4AE /* Products */;
			projectDirPath = "";
			projectRoot = "";
			targets = (
				EE5A8A851AA9A513000BA4AE /* CoreArchive */,
				EE5A8A9E1AA9A513000BA4AE /* CoreArchiveTests */,
			);
		};
/* End PBXProject section */

/* Begin PBXResourcesBuildPhase section */
		EE5A8A841AA9A513000BA4AE /* Resources */ = {
			isa = PBXResourcesBuildPhase;
			buildActionMask = 2147483647;
			files = (
				EE5A8A951AA9A513000BA4AE /* Main.storyboard in Resources */,
				8963E7311B33F1F80005ACC9 /* show.gif in Resources */,
				EE5A8A9A1AA9A513000BA4AE /* LaunchScreen.xib in Resources */,
				EE5A8A971AA9A513000BA4AE /* Images.xcassets in Resources */,
			);
			runOnlyForDeploymentPostprocessing = 0;
		};
		EE5A8A9D1AA9A513000BA4AE /* Resources */ = {
			isa = PBXResourcesBuildPhase;
			buildActionMask = 2147483647;
			files = (
			);
			runOnlyForDeploymentPostprocessing = 0;
		};
/* End PBXResourcesBuildPhase section */

/* Begin PBXSourcesBuildPhase section */
		EE5A8A821AA9A513000BA4AE /* Sources */ = {
			isa = PBXSourcesBuildPhase;
			buildActionMask = 2147483647;
			files = (
				EE5A8AB21AA9A550000BA4AE /* CoreArchive.m in Sources */,
				EE5A8A921AA9A513000BA4AE /* ViewController.m in Sources */,
				890DD9031B1C2B120000349C /* MJConst.m in Sources */,
				8963E72F1B33F09D0005ACC9 /* FBShimmeringView.m in Sources */,
				890DD8EF1B1C29AD0000349C /* UserModel.m in Sources */,
				890DD9091B1C2B120000349C /* NSObject+MJProperty.m in Sources */,
				890DD9081B1C2B120000349C /* NSObject+MJKeyValue.m in Sources */,
				890DD9051B1C2B120000349C /* MJProperty.m in Sources */,
				895796B31AE1098E00E8B04A /* NSString+ArcFile.m in Sources */,
				890DD9071B1C2B120000349C /* NSObject+MJCoding.m in Sources */,
				890DD9061B1C2B120000349C /* MJType.m in Sources */,
				890DD90A1B1C2B120000349C /* NSString+MJExtension.m in Sources */,
				EE5A8A8F1AA9A513000BA4AE /* AppDelegate.m in Sources */,
				8963E72E1B33F09D0005ACC9 /* FBShimmeringLayer.m in Sources */,
				EE5A8A8C1AA9A513000BA4AE /* main.m in Sources */,
				890DD9041B1C2B120000349C /* MJFoundation.m in Sources */,
			);
			runOnlyForDeploymentPostprocessing = 0;
		};
		EE5A8A9B1AA9A513000BA4AE /* Sources */ = {
			isa = PBXSourcesBuildPhase;
			buildActionMask = 2147483647;
			files = (
				EE5A8AA61AA9A513000BA4AE /* CoreArchiveTests.m in Sources */,
			);
			runOnlyForDeploymentPostprocessing = 0;
		};
/* End PBXSourcesBuildPhase section */

/* Begin PBXTargetDependency section */
		EE5A8AA11AA9A513000BA4AE /* PBXTargetDependency */ = {
			isa = PBXTargetDependency;
			target = EE5A8A851AA9A513000BA4AE /* CoreArchive */;
			targetProxy = EE5A8AA01AA9A513000BA4AE /* PBXContainerItemProxy */;
		};
/* End PBXTargetDependency section */

/* Begin PBXVariantGroup section */
		EE5A8A931AA9A513000BA4AE /* Main.storyboard */ = {
			isa = PBXVariantGroup;
			children = (
				EE5A8A941AA9A513000BA4AE /* Base */,
			);
			name = Main.storyboard;
			sourceTree = "<group>";
		};
		EE5A8A981AA9A513000BA4AE /* LaunchScreen.xib */ = {
			isa = PBXVariantGroup;
			children = (
				EE5A8A991AA9A513000BA4AE /* Base */,
			);
			name = LaunchScreen.xib;
			sourceTree = "<group>";
		};
/* End PBXVariantGroup section */

/* Begin XCBuildConfiguration section */
		EE5A8AA71AA9A513000BA4AE /* Debug */ = {
			isa = XCBuildConfiguration;
			buildSettings = {
				ALWAYS_SEARCH_USER_PATHS = NO;
				CLANG_CXX_LANGUAGE_STANDARD = "gnu++0x";
				CLANG_CXX_LIBRARY = "libc++";
				CLANG_ENABLE_MODULES = YES;
				CLANG_ENABLE_OBJC_ARC = YES;
				CLANG_WARN_BOOL_CONVERSION = YES;
				CLANG_WARN_CONSTANT_CONVERSION = YES;
				CLANG_WARN_DIRECT_OBJC_ISA_USAGE = YES_ERROR;
				CLANG_WARN_EMPTY_BODY = YES;
				CLANG_WARN_ENUM_CONVERSION = YES;
				CLANG_WARN_INT_CONVERSION = YES;
				CLANG_WARN_OBJC_ROOT_CLASS = YES_ERROR;
				CLANG_WARN_UNREACHABLE_CODE = YES;
				CLANG_WARN__DUPLICATE_METHOD_MATCH = YES;
				"CODE_SIGN_IDENTITY[sdk=iphoneos*]" = "iPhone Developer";
				COPY_PHASE_STRIP = NO;
				ENABLE_STRICT_OBJC_MSGSEND = YES;
				GCC_C_LANGUAGE_STANDARD = gnu99;
				GCC_DYNAMIC_NO_PIC = NO;
				GCC_OPTIMIZATION_LEVEL = 0;
				GCC_PREPROCESSOR_DEFINITIONS = (
					"DEBUG=1",
					"$(inherited)",
				);
				GCC_SYMBOLS_PRIVATE_EXTERN = NO;
				GCC_WARN_64_TO_32_BIT_CONVERSION = YES;
				GCC_WARN_ABOUT_RETURN_TYPE = YES_ERROR;
				GCC_WARN_UNDECLARED_SELECTOR = YES;
				GCC_WARN_UNINITIALIZED_AUTOS = YES_AGGRESSIVE;
				GCC_WARN_UNUSED_FUNCTION = YES;
				GCC_WARN_UNUSED_VARIABLE = YES;
				IPHONEOS_DEPLOYMENT_TARGET = 8.1;
				MTL_ENABLE_DEBUG_INFO = YES;
				ONLY_ACTIVE_ARCH = YES;
				SDKROOT = iphoneos;
			};
			name = Debug;
		};
		EE5A8AA81AA9A513000BA4AE /* Release */ = {
			isa = XCBuildConfiguration;
			buildSettings = {
				ALWAYS_SEARCH_USER_PATHS = NO;
				CLANG_CXX_LANGUAGE_STANDARD = "gnu++0x";
				CLANG_CXX_LIBRARY = "libc++";
				CLANG_ENABLE_MODULES = YES;
				CLANG_ENABLE_OBJC_ARC = YES;
				CLANG_WARN_BOOL_CONVERSION = YES;
				CLANG_WARN_CONSTANT_CONVERSION = YES;
				CLANG_WARN_DIRECT_OBJC_ISA_USAGE = YES_ERROR;
				CLANG_WARN_EMPTY_BODY = YES;
				CLANG_WARN_ENUM_CONVERSION = YES;
				CLANG_WARN_INT_CONVERSION = YES;
				CLANG_WARN_OBJC_ROOT_CLASS = YES_ERROR;
				CLANG_WARN_UNREACHABLE_CODE = YES;
				CLANG_WARN__DUPLICATE_METHOD_MATCH = YES;
				"CODE_SIGN_IDENTITY[sdk=iphoneos*]" = "iPhone Developer";
				COPY_PHASE_STRIP = YES;
				ENABLE_NS_ASSERTIONS = NO;
				ENABLE_STRICT_OBJC_MSGSEND = YES;
				GCC_C_LANGUAGE_STANDARD = gnu99;
				GCC_WARN_64_TO_32_BIT_CONVERSION = YES;
				GCC_WARN_ABOUT_RETURN_TYPE = YES_ERROR;
				GCC_WARN_UNDECLARED_SELECTOR = YES;
				GCC_WARN_UNINITIALIZED_AUTOS = YES_AGGRESSIVE;
				GCC_WARN_UNUSED_FUNCTION = YES;
				GCC_WARN_UNUSED_VARIABLE = YES;
				IPHONEOS_DEPLOYMENT_TARGET = 8.1;
				MTL_ENABLE_DEBUG_INFO = NO;
				SDKROOT = iphoneos;
				VALIDATE_PRODUCT = YES;
			};
			name = Release;
		};
		EE5A8AAA1AA9A513000BA4AE /* Debug */ = {
			isa = XCBuildConfiguration;
			buildSettings = {
				ASSETCATALOG_COMPILER_APPICON_NAME = AppIcon;
				ASSETCATALOG_COMPILER_LAUNCHIMAGE_NAME = LaunchImage;
				INFOPLIST_FILE = CoreArchive/Info.plist;
				IPHONEOS_DEPLOYMENT_TARGET = 7.0;
				LD_RUNPATH_SEARCH_PATHS = "$(inherited) @executable_path/Frameworks";
				PRODUCT_NAME = "$(TARGET_NAME)";
			};
			name = Debug;
		};
		EE5A8AAB1AA9A513000BA4AE /* Release */ = {
			isa = XCBuildConfiguration;
			buildSettings = {
				ASSETCATALOG_COMPILER_APPICON_NAME = AppIcon;
				ASSETCATALOG_COMPILER_LAUNCHIMAGE_NAME = LaunchImage;
				INFOPLIST_FILE = CoreArchive/Info.plist;
				IPHONEOS_DEPLOYMENT_TARGET = 7.0;
				LD_RUNPATH_SEARCH_PATHS = "$(inherited) @executable_path/Frameworks";
				PRODUCT_NAME = "$(TARGET_NAME)";
			};
			name = Release;
		};
		EE5A8AAD1AA9A513000BA4AE /* Debug */ = {
			isa = XCBuildConfiguration;
			buildSettings = {
				BUNDLE_LOADER = "$(TEST_HOST)";
				FRAMEWORK_SEARCH_PATHS = (
					"$(SDKROOT)/Developer/Library/Frameworks",
					"$(inherited)",
				);
				GCC_PREPROCESSOR_DEFINITIONS = (
					"DEBUG=1",
					"$(inherited)",
				);
				INFOPLIST_FILE = CoreArchiveTests/Info.plist;
				LD_RUNPATH_SEARCH_PATHS = "$(inherited) @executable_path/Frameworks @loader_path/Frameworks";
				PRODUCT_NAME = "$(TARGET_NAME)";
				TEST_HOST = "$(BUILT_PRODUCTS_DIR)/CoreArchive.app/CoreArchive";
			};
			name = Debug;
		};
		EE5A8AAE1AA9A513000BA4AE /* Release */ = {
			isa = XCBuildConfiguration;
			buildSettings = {
				BUNDLE_LOADER = "$(TEST_HOST)";
				FRAMEWORK_SEARCH_PATHS = (
					"$(SDKROOT)/Developer/Library/Frameworks",
					"$(inherited)",
				);
				INFOPLIST_FILE = CoreArchiveTests/Info.plist;
				LD_RUNPATH_SEARCH_PATHS = "$(inherited) @executable_path/Frameworks @loader_path/Frameworks";
				PRODUCT_NAME = "$(TARGET_NAME)";
				TEST_HOST = "$(BUILT_PRODUCTS_DIR)/CoreArchive.app/CoreArchive";
			};
			name = Release;
		};
/* End XCBuildConfiguration section */

/* Begin XCConfigurationList section */
		EE5A8A811AA9A513000BA4AE /* Build configuration list for PBXProject "CoreArchive" */ = {
			isa = XCConfigurationList;
			buildConfigurations = (
				EE5A8AA71AA9A513000BA4AE /* Debug */,
				EE5A8AA81AA9A513000BA4AE /* Release */,
			);
			defaultConfigurationIsVisible = 0;
			defaultConfigurationName = Release;
		};
		EE5A8AA91AA9A513000BA4AE /* Build configuration list for PBXNativeTarget "CoreArchive" */ = {
			isa = XCConfigurationList;
			buildConfigurations = (
				EE5A8AAA1AA9A513000BA4AE /* Debug */,
				EE5A8AAB1AA9A513000BA4AE /* Release */,
			);
			defaultConfigurationIsVisible = 0;
			defaultConfigurationName = Release;
		};
		EE5A8AAC1AA9A513000BA4AE /* Build configuration list for PBXNativeTarget "CoreArchiveTests" */ = {
			isa = XCConfigurationList;
			buildConfigurations = (
				EE5A8AAD1AA9A513000BA4AE /* Debug */,
				EE5A8AAE1AA9A513000BA4AE /* Release */,
			);
			defaultConfigurationIsVisible = 0;
			defaultConfigurationName = Release;
		};
/* End XCConfigurationList section */
	};
	rootObject = EE5A8A7E1AA9A513000BA4AE /* Project object */;
}
